// !$*UTF8*$!
{
	archiveVersion = 1;
	classes = {
	};
	objectVersion = 56;
	objects = {

/* Begin PBXBuildFile section */
		1D54ACA64CD336F06784A40F /* Pods_TCC.framework in Frameworks */ = {isa = PBXBuildFile; fileRef = CB22DFC1503E1494017E12B6 /* Pods_TCC.framework */; };
		8173C64D2AF1F4180031CC33 /* AppDelegate.swift in Sources */ = {isa = PBXBuildFile; fileRef = 8173C64C2AF1F4180031CC33 /* AppDelegate.swift */; };
		8173C64F2AF1F4180031CC33 /* SceneDelegate.swift in Sources */ = {isa = PBXBuildFile; fileRef = 8173C64E2AF1F4180031CC33 /* SceneDelegate.swift */; };
		8173C6562AF1F41A0031CC33 /* Assets.xcassets in Resources */ = {isa = PBXBuildFile; fileRef = 8173C6552AF1F41A0031CC33 /* Assets.xcassets */; };
		8173C6592AF1F41A0031CC33 /* LaunchScreen.storyboard in Resources */ = {isa = PBXBuildFile; fileRef = 8173C6572AF1F41A0031CC33 /* LaunchScreen.storyboard */; };
		8173C6682AF1F8B60031CC33 /* HomeScreen.swift in Sources */ = {isa = PBXBuildFile; fileRef = 8173C6672AF1F8B60031CC33 /* HomeScreen.swift */; };
		8173C66A2AF1F93A0031CC33 /* Logger.swift in Sources */ = {isa = PBXBuildFile; fileRef = 8173C6692AF1F93A0031CC33 /* Logger.swift */; };
		8173C66C2AF1F98A0031CC33 /* Coordinator.swift in Sources */ = {isa = PBXBuildFile; fileRef = 8173C66B2AF1F98A0031CC33 /* Coordinator.swift */; };
		8173C66F2AF1F9F00031CC33 /* HomeViewController.swift in Sources */ = {isa = PBXBuildFile; fileRef = 8173C66E2AF1F9F00031CC33 /* HomeViewController.swift */; };
		8173C6712AF1F9FD0031CC33 /* ExchangeViewController.swift in Sources */ = {isa = PBXBuildFile; fileRef = 8173C6702AF1F9FD0031CC33 /* ExchangeViewController.swift */; };
		8173C6732AF1FA070031CC33 /* BuyAndSellViewController.swift in Sources */ = {isa = PBXBuildFile; fileRef = 8173C6722AF1FA070031CC33 /* BuyAndSellViewController.swift */; };
		8173C6762AF1FBF30031CC33 /* ExchangeTableViewCell.swift in Sources */ = {isa = PBXBuildFile; fileRef = 8173C6752AF1FBF30031CC33 /* ExchangeTableViewCell.swift */; };
		8173C6792AF1FC100031CC33 /* ExchangeHomeTableViewCellScreen.swift in Sources */ = {isa = PBXBuildFile; fileRef = 8173C6782AF1FC100031CC33 /* ExchangeHomeTableViewCellScreen.swift */; };
		8173C67B2AF1FD930031CC33 /* BuyAndSellScreen.swift in Sources */ = {isa = PBXBuildFile; fileRef = 8173C67A2AF1FD930031CC33 /* BuyAndSellScreen.swift */; };
		8173C67D2AF1FDC10031CC33 /* ExchangeScreen.swift in Sources */ = {isa = PBXBuildFile; fileRef = 8173C67C2AF1FDC00031CC33 /* ExchangeScreen.swift */; };
		8173C67F2AF1FFB50031CC33 /* ExchangeViewModel.swift in Sources */ = {isa = PBXBuildFile; fileRef = 8173C67E2AF1FFB50031CC33 /* ExchangeViewModel.swift */; };
		8173C6812AF1FFC90031CC33 /* ProtocolViewModel.swift in Sources */ = {isa = PBXBuildFile; fileRef = 8173C6802AF1FFC90031CC33 /* ProtocolViewModel.swift */; };
		8173C6832AF200510031CC33 /* ExchangeProfileService.swift in Sources */ = {isa = PBXBuildFile; fileRef = 8173C6822AF200510031CC33 /* ExchangeProfileService.swift */; };
		8173C6852AF200EE0031CC33 /* ExchangeProfile.swift in Sources */ = {isa = PBXBuildFile; fileRef = 8173C6842AF200EE0031CC33 /* ExchangeProfile.swift */; };
		8173C6872AF200FF0031CC33 /* Exchange.swift in Sources */ = {isa = PBXBuildFile; fileRef = 8173C6862AF200FF0031CC33 /* Exchange.swift */; };
		8173C6892AF2010D0031CC33 /* Wallet.swift in Sources */ = {isa = PBXBuildFile; fileRef = 8173C6882AF2010D0031CC33 /* Wallet.swift */; };
/* End PBXBuildFile section */

/* Begin PBXFileReference section */
		65DB1C0AEF963EFD01EBB2FF /* Pods-TCC.release.xcconfig */ = {isa = PBXFileReference; includeInIndex = 1; lastKnownFileType = text.xcconfig; name = "Pods-TCC.release.xcconfig"; path = "Target Support Files/Pods-TCC/Pods-TCC.release.xcconfig"; sourceTree = "<group>"; };
		8173C6492AF1F4180031CC33 /* TCC.app */ = {isa = PBXFileReference; explicitFileType = wrapper.application; includeInIndex = 0; path = TCC.app; sourceTree = BUILT_PRODUCTS_DIR; };
		8173C64C2AF1F4180031CC33 /* AppDelegate.swift */ = {isa = PBXFileReference; lastKnownFileType = sourcecode.swift; path = AppDelegate.swift; sourceTree = "<group>"; };
		8173C64E2AF1F4180031CC33 /* SceneDelegate.swift */ = {isa = PBXFileReference; lastKnownFileType = sourcecode.swift; path = SceneDelegate.swift; sourceTree = "<group>"; };
		8173C6552AF1F41A0031CC33 /* Assets.xcassets */ = {isa = PBXFileReference; lastKnownFileType = folder.assetcatalog; path = Assets.xcassets; sourceTree = "<group>"; };
		8173C6582AF1F41A0031CC33 /* Base */ = {isa = PBXFileReference; lastKnownFileType = file.storyboard; name = Base; path = Base.lproj/LaunchScreen.storyboard; sourceTree = "<group>"; };
		8173C65A2AF1F41A0031CC33 /* Info.plist */ = {isa = PBXFileReference; lastKnownFileType = text.plist.xml; path = Info.plist; sourceTree = "<group>"; };
		8173C6672AF1F8B60031CC33 /* HomeScreen.swift */ = {isa = PBXFileReference; lastKnownFileType = sourcecode.swift; path = HomeScreen.swift; sourceTree = "<group>"; };
		8173C6692AF1F93A0031CC33 /* Logger.swift */ = {isa = PBXFileReference; lastKnownFileType = sourcecode.swift; path = Logger.swift; sourceTree = "<group>"; };
		8173C66B2AF1F98A0031CC33 /* Coordinator.swift */ = {isa = PBXFileReference; lastKnownFileType = sourcecode.swift; path = Coordinator.swift; sourceTree = "<group>"; };
		8173C66E2AF1F9F00031CC33 /* HomeViewController.swift */ = {isa = PBXFileReference; lastKnownFileType = sourcecode.swift; path = HomeViewController.swift; sourceTree = "<group>"; };
		8173C6702AF1F9FD0031CC33 /* ExchangeViewController.swift */ = {isa = PBXFileReference; lastKnownFileType = sourcecode.swift; path = ExchangeViewController.swift; sourceTree = "<group>"; };
		8173C6722AF1FA070031CC33 /* BuyAndSellViewController.swift */ = {isa = PBXFileReference; lastKnownFileType = sourcecode.swift; path = BuyAndSellViewController.swift; sourceTree = "<group>"; };
		8173C6752AF1FBF30031CC33 /* ExchangeTableViewCell.swift */ = {isa = PBXFileReference; lastKnownFileType = sourcecode.swift; path = ExchangeTableViewCell.swift; sourceTree = "<group>"; };
		8173C6782AF1FC100031CC33 /* ExchangeHomeTableViewCellScreen.swift */ = {isa = PBXFileReference; lastKnownFileType = sourcecode.swift; path = ExchangeHomeTableViewCellScreen.swift; sourceTree = "<group>"; };
		8173C67A2AF1FD930031CC33 /* BuyAndSellScreen.swift */ = {isa = PBXFileReference; lastKnownFileType = sourcecode.swift; path = BuyAndSellScreen.swift; sourceTree = "<group>"; };
		8173C67C2AF1FDC00031CC33 /* ExchangeScreen.swift */ = {isa = PBXFileReference; lastKnownFileType = sourcecode.swift; path = ExchangeScreen.swift; sourceTree = "<group>"; };
		8173C67E2AF1FFB50031CC33 /* ExchangeViewModel.swift */ = {isa = PBXFileReference; lastKnownFileType = sourcecode.swift; path = ExchangeViewModel.swift; sourceTree = "<group>"; };
		8173C6802AF1FFC90031CC33 /* ProtocolViewModel.swift */ = {isa = PBXFileReference; lastKnownFileType = sourcecode.swift; path = ProtocolViewModel.swift; sourceTree = "<group>"; };
		8173C6822AF200510031CC33 /* ExchangeProfileService.swift */ = {isa = PBXFileReference; lastKnownFileType = sourcecode.swift; path = ExchangeProfileService.swift; sourceTree = "<group>"; };
		8173C6842AF200EE0031CC33 /* ExchangeProfile.swift */ = {isa = PBXFileReference; lastKnownFileType = sourcecode.swift; path = ExchangeProfile.swift; sourceTree = "<group>"; };
		8173C6862AF200FF0031CC33 /* Exchange.swift */ = {isa = PBXFileReference; lastKnownFileType = sourcecode.swift; path = Exchange.swift; sourceTree = "<group>"; };
		8173C6882AF2010D0031CC33 /* Wallet.swift */ = {isa = PBXFileReference; lastKnownFileType = sourcecode.swift; path = Wallet.swift; sourceTree = "<group>"; };
		AE42193601BF76059A8B2511 /* Pods-TCC.debug.xcconfig */ = {isa = PBXFileReference; includeInIndex = 1; lastKnownFileType = text.xcconfig; name = "Pods-TCC.debug.xcconfig"; path = "Target Support Files/Pods-TCC/Pods-TCC.debug.xcconfig"; sourceTree = "<group>"; };
		CB22DFC1503E1494017E12B6 /* Pods_TCC.framework */ = {isa = PBXFileReference; explicitFileType = wrapper.framework; includeInIndex = 0; path = Pods_TCC.framework; sourceTree = BUILT_PRODUCTS_DIR; };
/* End PBXFileReference section */

/* Begin PBXFrameworksBuildPhase section */
		8173C6462AF1F4180031CC33 /* Frameworks */ = {
			isa = PBXFrameworksBuildPhase;
			buildActionMask = 2147483647;
			files = (
				1D54ACA64CD336F06784A40F /* Pods_TCC.framework in Frameworks */,
			);
			runOnlyForDeploymentPostprocessing = 0;
		};
/* End PBXFrameworksBuildPhase section */

/* Begin PBXGroup section */
		212B5438AA7E7E6C3B92013F /* Pods */ = {
			isa = PBXGroup;
			children = (
				AE42193601BF76059A8B2511 /* Pods-TCC.debug.xcconfig */,
				65DB1C0AEF963EFD01EBB2FF /* Pods-TCC.release.xcconfig */,
			);
			path = Pods;
			sourceTree = "<group>";
		};
		8173C6402AF1F4180031CC33 = {
			isa = PBXGroup;
			children = (
				8173C64B2AF1F4180031CC33 /* Aplicacao */,
				8173C64A2AF1F4180031CC33 /* Products */,
				212B5438AA7E7E6C3B92013F /* Pods */,
				D448465310A227E78ABDC1BD /* Frameworks */,
			);
			sourceTree = "<group>";
		};
		8173C64A2AF1F4180031CC33 /* Products */ = {
			isa = PBXGroup;
			children = (
				8173C6492AF1F4180031CC33 /* TCC.app */,
			);
			name = Products;
			sourceTree = "<group>";
		};
		8173C64B2AF1F4180031CC33 /* Aplicacao */ = {
			isa = PBXGroup;
			children = (
				8173C6612AF1F8380031CC33 /* Source */,
				8173C6622AF1F84B0031CC33 /* View */,
				8173C6632AF1F8510031CC33 /* ViewModel */,
				8173C6642AF1F8580031CC33 /* Service */,
				8173C6652AF1F8630031CC33 /* Model */,
				8173C6662AF1F86A0031CC33 /* Other */,
				8173C6552AF1F41A0031CC33 /* Assets.xcassets */,
				8173C6572AF1F41A0031CC33 /* LaunchScreen.storyboard */,
				8173C65A2AF1F41A0031CC33 /* Info.plist */,
			);
			path = Aplicacao;
			sourceTree = "<group>";
		};
		8173C6602AF1F8170031CC33 /* Coordinator */ = {
			isa = PBXGroup;
			children = (
				8173C66B2AF1F98A0031CC33 /* Coordinator.swift */,
			);
			path = Coordinator;
			sourceTree = "<group>";
		};
		8173C6612AF1F8380031CC33 /* Source */ = {
			isa = PBXGroup;
			children = (
				8173C6602AF1F8170031CC33 /* Coordinator */,
				8173C66D2AF1F9D80031CC33 /* ViewController */,
			);
			path = Source;
			sourceTree = "<group>";
		};
		8173C6622AF1F84B0031CC33 /* View */ = {
			isa = PBXGroup;
			children = (
				8173C6672AF1F8B60031CC33 /* HomeScreen.swift */,
				8173C6742AF1FBD70031CC33 /* tableView */,
				8173C67C2AF1FDC00031CC33 /* ExchangeScreen.swift */,
				8173C67A2AF1FD930031CC33 /* BuyAndSellScreen.swift */,
			);
			path = View;
			sourceTree = "<group>";
		};
		8173C6632AF1F8510031CC33 /* ViewModel */ = {
			isa = PBXGroup;
			children = (
				8173C67E2AF1FFB50031CC33 /* ExchangeViewModel.swift */,
				8173C6802AF1FFC90031CC33 /* ProtocolViewModel.swift */,
			);
			path = ViewModel;
			sourceTree = "<group>";
		};
		8173C6642AF1F8580031CC33 /* Service */ = {
			isa = PBXGroup;
			children = (
				8173C6822AF200510031CC33 /* ExchangeProfileService.swift */,
			);
			path = Service;
			sourceTree = "<group>";
		};
		8173C6652AF1F8630031CC33 /* Model */ = {
			isa = PBXGroup;
			children = (
				8173C6842AF200EE0031CC33 /* ExchangeProfile.swift */,
				8173C6862AF200FF0031CC33 /* Exchange.swift */,
				8173C6882AF2010D0031CC33 /* Wallet.swift */,
			);
			path = Model;
			sourceTree = "<group>";
		};
		8173C6662AF1F86A0031CC33 /* Other */ = {
			isa = PBXGroup;
			children = (
				8173C64C2AF1F4180031CC33 /* AppDelegate.swift */,
				8173C64E2AF1F4180031CC33 /* SceneDelegate.swift */,
				8173C6692AF1F93A0031CC33 /* Logger.swift */,
			);
			path = Other;
			sourceTree = "<group>";
		};
		8173C66D2AF1F9D80031CC33 /* ViewController */ = {
			isa = PBXGroup;
			children = (
				8173C66E2AF1F9F00031CC33 /* HomeViewController.swift */,
				8173C6702AF1F9FD0031CC33 /* ExchangeViewController.swift */,
				8173C6722AF1FA070031CC33 /* BuyAndSellViewController.swift */,
			);
			path = ViewController;
			sourceTree = "<group>";
		};
		8173C6742AF1FBD70031CC33 /* tableView */ = {
			isa = PBXGroup;
			children = (
				8173C6752AF1FBF30031CC33 /* ExchangeTableViewCell.swift */,
				8173C6772AF1FBFE0031CC33 /* Cell */,
			);
			path = tableView;
			sourceTree = "<group>";
		};
		8173C6772AF1FBFE0031CC33 /* Cell */ = {
			isa = PBXGroup;
			children = (
				8173C6782AF1FC100031CC33 /* ExchangeHomeTableViewCellScreen.swift */,
			);
			path = Cell;
			sourceTree = "<group>";
		};
		D448465310A227E78ABDC1BD /* Frameworks */ = {
			isa = PBXGroup;
			children = (
				CB22DFC1503E1494017E12B6 /* Pods_TCC.framework */,
			);
			name = Frameworks;
			sourceTree = "<group>";
		};
/* End PBXGroup section */

/* Begin PBXNativeTarget section */
		8173C6482AF1F4180031CC33 /* TCC */ = {
			isa = PBXNativeTarget;
			buildConfigurationList = 8173C65D2AF1F41A0031CC33 /* Build configuration list for PBXNativeTarget "TCC" */;
			buildPhases = (
				F1135D1CAD5C89E1CC6B9A58 /* [CP] Check Pods Manifest.lock */,
				8173C6452AF1F4180031CC33 /* Sources */,
				8173C6462AF1F4180031CC33 /* Frameworks */,
				8173C6472AF1F4180031CC33 /* Resources */,
				263019A9E630B97D9AFFBDB6 /* [CP] Embed Pods Frameworks */,
			);
			buildRules = (
			);
			dependencies = (
			);
			name = TCC;
			productName = Aplicacao;
			productReference = 8173C6492AF1F4180031CC33 /* TCC.app */;
			productType = "com.apple.product-type.application";
		};
/* End PBXNativeTarget section */

/* Begin PBXProject section */
		8173C6412AF1F4180031CC33 /* Project object */ = {
			isa = PBXProject;
			attributes = {
				BuildIndependentTargetsInParallel = 1;
				LastSwiftUpdateCheck = 1500;
				LastUpgradeCheck = 1500;
				TargetAttributes = {
					8173C6482AF1F4180031CC33 = {
						CreatedOnToolsVersion = 15.0.1;
					};
				};
			};
			buildConfigurationList = 8173C6442AF1F4180031CC33 /* Build configuration list for PBXProject "Aplicacao" */;
			compatibilityVersion = "Xcode 14.0";
			developmentRegion = en;
			hasScannedForEncodings = 0;
			knownRegions = (
				en,
				Base,
			);
			mainGroup = 8173C6402AF1F4180031CC33;
			productRefGroup = 8173C64A2AF1F4180031CC33 /* Products */;
			projectDirPath = "";
			projectRoot = "";
			targets = (
				8173C6482AF1F4180031CC33 /* TCC */,
			);
		};
/* End PBXProject section */

/* Begin PBXResourcesBuildPhase section */
		8173C6472AF1F4180031CC33 /* Resources */ = {
			isa = PBXResourcesBuildPhase;
			buildActionMask = 2147483647;
			files = (
				8173C6592AF1F41A0031CC33 /* LaunchScreen.storyboard in Resources */,
				8173C6562AF1F41A0031CC33 /* Assets.xcassets in Resources */,
			);
			runOnlyForDeploymentPostprocessing = 0;
		};
/* End PBXResourcesBuildPhase section */

/* Begin PBXShellScriptBuildPhase section */
		263019A9E630B97D9AFFBDB6 /* [CP] Embed Pods Frameworks */ = {
			isa = PBXShellScriptBuildPhase;
			buildActionMask = 2147483647;
			files = (
			);
			inputFileListPaths = (
				"${PODS_ROOT}/Target Support Files/Pods-TCC/Pods-TCC-frameworks-${CONFIGURATION}-input-files.xcfilelist",
			);
			name = "[CP] Embed Pods Frameworks";
			outputFileListPaths = (
				"${PODS_ROOT}/Target Support Files/Pods-TCC/Pods-TCC-frameworks-${CONFIGURATION}-output-files.xcfilelist",
			);
			runOnlyForDeploymentPostprocessing = 0;
			shellPath = /bin/sh;
			shellScript = "\"${PODS_ROOT}/Target Support Files/Pods-TCC/Pods-TCC-frameworks.sh\"\n";
			showEnvVarsInLog = 0;
		};
		F1135D1CAD5C89E1CC6B9A58 /* [CP] Check Pods Manifest.lock */ = {
			isa = PBXShellScriptBuildPhase;
			buildActionMask = 2147483647;
			files = (
			);
			inputFileListPaths = (
			);
			inputPaths = (
				"${PODS_PODFILE_DIR_PATH}/Podfile.lock",
				"${PODS_ROOT}/Manifest.lock",
			);
			name = "[CP] Check Pods Manifest.lock";
			outputFileListPaths = (
			);
			outputPaths = (
				"$(DERIVED_FILE_DIR)/Pods-TCC-checkManifestLockResult.txt",
			);
			runOnlyForDeploymentPostprocessing = 0;
			shellPath = /bin/sh;
			shellScript = "diff \"${PODS_PODFILE_DIR_PATH}/Podfile.lock\" \"${PODS_ROOT}/Manifest.lock\" > /dev/null\nif [ $? != 0 ] ; then\n    # print error to STDERR\n    echo \"error: The sandbox is not in sync with the Podfile.lock. Run 'pod install' or update your CocoaPods installation.\" >&2\n    exit 1\nfi\n# This output is used by Xcode 'outputs' to avoid re-running this script phase.\necho \"SUCCESS\" > \"${SCRIPT_OUTPUT_FILE_0}\"\n";
			showEnvVarsInLog = 0;
		};
/* End PBXShellScriptBuildPhase section */

/* Begin PBXSourcesBuildPhase section */
		8173C6452AF1F4180031CC33 /* Sources */ = {
			isa = PBXSourcesBuildPhase;
			buildActionMask = 2147483647;
			files = (
				8173C66A2AF1F93A0031CC33 /* Logger.swift in Sources */,
				8173C67F2AF1FFB50031CC33 /* ExchangeViewModel.swift in Sources */,
				8173C6712AF1F9FD0031CC33 /* ExchangeViewController.swift in Sources */,
				8173C6682AF1F8B60031CC33 /* HomeScreen.swift in Sources */,
				8173C67D2AF1FDC10031CC33 /* ExchangeScreen.swift in Sources */,
				8173C66C2AF1F98A0031CC33 /* Coordinator.swift in Sources */,
				8173C6892AF2010D0031CC33 /* Wallet.swift in Sources */,
				8173C64D2AF1F4180031CC33 /* AppDelegate.swift in Sources */,
				8173C6872AF200FF0031CC33 /* Exchange.swift in Sources */,
				8173C6732AF1FA070031CC33 /* BuyAndSellViewController.swift in Sources */,
				8173C66F2AF1F9F00031CC33 /* HomeViewController.swift in Sources */,
				8173C67B2AF1FD930031CC33 /* BuyAndSellScreen.swift in Sources */,
				8173C6812AF1FFC90031CC33 /* ProtocolViewModel.swift in Sources */,
				8173C6832AF200510031CC33 /* ExchangeProfileService.swift in Sources */,
				8173C6762AF1FBF30031CC33 /* ExchangeTableViewCell.swift in Sources */,
				8173C6792AF1FC100031CC33 /* ExchangeHomeTableViewCellScreen.swift in Sources */,
				8173C64F2AF1F4180031CC33 /* SceneDelegate.swift in Sources */,
				8173C6852AF200EE0031CC33 /* ExchangeProfile.swift in Sources */,
			);
			runOnlyForDeploymentPostprocessing = 0;
		};
/* End PBXSourcesBuildPhase section */

/* Begin PBXVariantGroup section */
		8173C6572AF1F41A0031CC33 /* LaunchScreen.storyboard */ = {
			isa = PBXVariantGroup;
			children = (
				8173C6582AF1F41A0031CC33 /* Base */,
			);
			name = LaunchScreen.storyboard;
			sourceTree = "<group>";
		};
/* End PBXVariantGroup section */

/* Begin XCBuildConfiguration section */
		8173C65B2AF1F41A0031CC33 /* Debug */ = {
			isa = XCBuildConfiguration;
			buildSettings = {
				ALWAYS_SEARCH_USER_PATHS = NO;
				ASSETCATALOG_COMPILER_GENERATE_SWIFT_ASSET_SYMBOL_EXTENSIONS = YES;
				CLANG_ANALYZER_NONNULL = YES;
				CLANG_ANALYZER_NUMBER_OBJECT_CONVERSION = YES_AGGRESSIVE;
				CLANG_CXX_LANGUAGE_STANDARD = "gnu++20";
				CLANG_ENABLE_MODULES = YES;
				CLANG_ENABLE_OBJC_ARC = YES;
				CLANG_ENABLE_OBJC_WEAK = YES;
				CLANG_WARN_BLOCK_CAPTURE_AUTORELEASING = YES;
				CLANG_WARN_BOOL_CONVERSION = YES;
				CLANG_WARN_COMMA = YES;
				CLANG_WARN_CONSTANT_CONVERSION = YES;
				CLANG_WARN_DEPRECATED_OBJC_IMPLEMENTATIONS = YES;
				CLANG_WARN_DIRECT_OBJC_ISA_USAGE = YES_ERROR;
				CLANG_WARN_DOCUMENTATION_COMMENTS = YES;
				CLANG_WARN_EMPTY_BODY = YES;
				CLANG_WARN_ENUM_CONVERSION = YES;
				CLANG_WARN_INFINITE_RECURSION = YES;
				CLANG_WARN_INT_CONVERSION = YES;
				CLANG_WARN_NON_LITERAL_NULL_CONVERSION = YES;
				CLANG_WARN_OBJC_IMPLICIT_RETAIN_SELF = YES;
				CLANG_WARN_OBJC_LITERAL_CONVERSION = YES;
				CLANG_WARN_OBJC_ROOT_CLASS = YES_ERROR;
				CLANG_WARN_QUOTED_INCLUDE_IN_FRAMEWORK_HEADER = YES;
				CLANG_WARN_RANGE_LOOP_ANALYSIS = YES;
				CLANG_WARN_STRICT_PROTOTYPES = YES;
				CLANG_WARN_SUSPICIOUS_MOVE = YES;
				CLANG_WARN_UNGUARDED_AVAILABILITY = YES_AGGRESSIVE;
				CLANG_WARN_UNREACHABLE_CODE = YES;
				CLANG_WARN__DUPLICATE_METHOD_MATCH = YES;
				COPY_PHASE_STRIP = NO;
				DEBUG_INFORMATION_FORMAT = dwarf;
				ENABLE_STRICT_OBJC_MSGSEND = YES;
				ENABLE_TESTABILITY = YES;
				ENABLE_USER_SCRIPT_SANDBOXING = NO;
				GCC_C_LANGUAGE_STANDARD = gnu17;
				GCC_DYNAMIC_NO_PIC = NO;
				GCC_NO_COMMON_BLOCKS = YES;
				GCC_OPTIMIZATION_LEVEL = 0;
				GCC_PREPROCESSOR_DEFINITIONS = (
					"DEBUG=1",
					"$(inherited)",
				);
				GCC_WARN_64_TO_32_BIT_CONVERSION = YES;
				GCC_WARN_ABOUT_RETURN_TYPE = YES_ERROR;
				GCC_WARN_UNDECLARED_SELECTOR = YES;
				GCC_WARN_UNINITIALIZED_AUTOS = YES_AGGRESSIVE;
				GCC_WARN_UNUSED_FUNCTION = YES;
				GCC_WARN_UNUSED_VARIABLE = YES;
				IPHONEOS_DEPLOYMENT_TARGET = 17.0;
				LOCALIZATION_PREFERS_STRING_CATALOGS = YES;
				MTL_ENABLE_DEBUG_INFO = INCLUDE_SOURCE;
				MTL_FAST_MATH = YES;
				ONLY_ACTIVE_ARCH = YES;
				SDKROOT = iphoneos;
				SWIFT_ACTIVE_COMPILATION_CONDITIONS = "DEBUG $(inherited)";
				SWIFT_OPTIMIZATION_LEVEL = "-Onone";
			};
			name = Debug;
		};
		8173C65C2AF1F41A0031CC33 /* Release */ = {
			isa = XCBuildConfiguration;
			buildSettings = {
				ALWAYS_SEARCH_USER_PATHS = NO;
				ASSETCATALOG_COMPILER_GENERATE_SWIFT_ASSET_SYMBOL_EXTENSIONS = YES;
				CLANG_ANALYZER_NONNULL = YES;
				CLANG_ANALYZER_NUMBER_OBJECT_CONVERSION = YES_AGGRESSIVE;
				CLANG_CXX_LANGUAGE_STANDARD = "gnu++20";
				CLANG_ENABLE_MODULES = YES;
				CLANG_ENABLE_OBJC_ARC = YES;
				CLANG_ENABLE_OBJC_WEAK = YES;
				CLANG_WARN_BLOCK_CAPTURE_AUTORELEASING = YES;
				CLANG_WARN_BOOL_CONVERSION = YES;
				CLANG_WARN_COMMA = YES;
				CLANG_WARN_CONSTANT_CONVERSION = YES;
				CLANG_WARN_DEPRECATED_OBJC_IMPLEMENTATIONS = YES;
				CLANG_WARN_DIRECT_OBJC_ISA_USAGE = YES_ERROR;
				CLANG_WARN_DOCUMENTATION_COMMENTS = YES;
				CLANG_WARN_EMPTY_BODY = YES;
				CLANG_WARN_ENUM_CONVERSION = YES;
				CLANG_WARN_INFINITE_RECURSION = YES;
				CLANG_WARN_INT_CONVERSION = YES;
				CLANG_WARN_NON_LITERAL_NULL_CONVERSION = YES;
				CLANG_WARN_OBJC_IMPLICIT_RETAIN_SELF = YES;
				CLANG_WARN_OBJC_LITERAL_CONVERSION = YES;
				CLANG_WARN_OBJC_ROOT_CLASS = YES_ERROR;
				CLANG_WARN_QUOTED_INCLUDE_IN_FRAMEWORK_HEADER = YES;
				CLANG_WARN_RANGE_LOOP_ANALYSIS = YES;
				CLANG_WARN_STRICT_PROTOTYPES = YES;
				CLANG_WARN_SUSPICIOUS_MOVE = YES;
				CLANG_WARN_UNGUARDED_AVAILABILITY = YES_AGGRESSIVE;
				CLANG_WARN_UNREACHABLE_CODE = YES;
				CLANG_WARN__DUPLICATE_METHOD_MATCH = YES;
				COPY_PHASE_STRIP = NO;
				DEBUG_INFORMATION_FORMAT = "dwarf-with-dsym";
				ENABLE_NS_ASSERTIONS = NO;
				ENABLE_STRICT_OBJC_MSGSEND = YES;
				ENABLE_USER_SCRIPT_SANDBOXING = NO;
				GCC_C_LANGUAGE_STANDARD = gnu17;
				GCC_NO_COMMON_BLOCKS = YES;
				GCC_WARN_64_TO_32_BIT_CONVERSION = YES;
				GCC_WARN_ABOUT_RETURN_TYPE = YES_ERROR;
				GCC_WARN_UNDECLARED_SELECTOR = YES;
				GCC_WARN_UNINITIALIZED_AUTOS = YES_AGGRESSIVE;
				GCC_WARN_UNUSED_FUNCTION = YES;
				GCC_WARN_UNUSED_VARIABLE = YES;
				IPHONEOS_DEPLOYMENT_TARGET = 17.0;
				LOCALIZATION_PREFERS_STRING_CATALOGS = YES;
				MTL_ENABLE_DEBUG_INFO = NO;
				MTL_FAST_MATH = YES;
				SDKROOT = iphoneos;
				SWIFT_COMPILATION_MODE = wholemodule;
				VALIDATE_PRODUCT = YES;
			};
			name = Release;
		};
		8173C65E2AF1F41A0031CC33 /* Debug */ = {
			isa = XCBuildConfiguration;
			baseConfigurationReference = AE42193601BF76059A8B2511 /* Pods-TCC.debug.xcconfig */;
			buildSettings = {
				ASSETCATALOG_COMPILER_APPICON_NAME = AppIcon;
				ASSETCATALOG_COMPILER_GLOBAL_ACCENT_COLOR_NAME = AccentColor;
				CODE_SIGN_STYLE = Automatic;
				CURRENT_PROJECT_VERSION = 1;
				DEVELOPMENT_TEAM = AJUR2JK7K5;
				GENERATE_INFOPLIST_FILE = YES;
				INFOPLIST_FILE = Aplicacao/Info.plist;
				INFOPLIST_KEY_UIApplicationSupportsIndirectInputEvents = YES;
				INFOPLIST_KEY_UILaunchStoryboardName = LaunchScreen;
				INFOPLIST_KEY_UIMainStoryboardFile = "";
				INFOPLIST_KEY_UISupportedInterfaceOrientations_iPad = "UIInterfaceOrientationPortrait UIInterfaceOrientationPortraitUpsideDown UIInterfaceOrientationLandscapeLeft UIInterfaceOrientationLandscapeRight";
				INFOPLIST_KEY_UISupportedInterfaceOrientations_iPhone = "UIInterfaceOrientationPortrait UIInterfaceOrientationLandscapeLeft UIInterfaceOrientationLandscapeRight";
				LD_RUNPATH_SEARCH_PATHS = (
					"$(inherited)",
					"@executable_path/Frameworks",
				);
				MARKETING_VERSION = 1.0;
				PRODUCT_BUNDLE_IDENTIFIER = "br.com.-TCC.Aplicacao";
				PRODUCT_NAME = "$(TARGET_NAME)";
				SWIFT_EMIT_LOC_STRINGS = YES;
				SWIFT_VERSION = 5.0;
				TARGETED_DEVICE_FAMILY = "1,2";
			};
			name = Debug;
		};
		8173C65F2AF1F41A0031CC33 /* Release */ = {
			isa = XCBuildConfiguration;
			baseConfigurationReference = 65DB1C0AEF963EFD01EBB2FF /* Pods-TCC.release.xcconfig */;
			buildSettings = {
				ASSETCATALOG_COMPILER_APPICON_NAME = AppIcon;
				ASSETCATALOG_COMPILER_GLOBAL_ACCENT_COLOR_NAME = AccentColor;
				CODE_SIGN_STYLE = Automatic;
				CURRENT_PROJECT_VERSION = 1;
				DEVELOPMENT_TEAM = AJUR2JK7K5;
				GENERATE_INFOPLIST_FILE = YES;
				INFOPLIST_FILE = Aplicacao/Info.plist;
				INFOPLIST_KEY_UIApplicationSupportsIndirectInputEvents = YES;
				INFOPLIST_KEY_UILaunchStoryboardName = LaunchScreen;
				INFOPLIST_KEY_UIMainStoryboardFile = "";
				INFOPLIST_KEY_UISupportedInterfaceOrientations_iPad = "UIInterfaceOrientationPortrait UIInterfaceOrientationPortraitUpsideDown UIInterfaceOrientationLandscapeLeft UIInterfaceOrientationLandscapeRight";
				INFOPLIST_KEY_UISupportedInterfaceOrientations_iPhone = "UIInterfaceOrientationPortrait UIInterfaceOrientationLandscapeLeft UIInterfaceOrientationLandscapeRight";
				LD_RUNPATH_SEARCH_PATHS = (
					"$(inherited)",
					"@executable_path/Frameworks",
				);
				MARKETING_VERSION = 1.0;
				PRODUCT_BUNDLE_IDENTIFIER = "br.com.-TCC.Aplicacao";
				PRODUCT_NAME = "$(TARGET_NAME)";
				SWIFT_EMIT_LOC_STRINGS = YES;
				SWIFT_VERSION = 5.0;
				TARGETED_DEVICE_FAMILY = "1,2";
			};
			name = Release;
		};
/* End XCBuildConfiguration section */

/* Begin XCConfigurationList section */
		8173C6442AF1F4180031CC33 /* Build configuration list for PBXProject "Aplicacao" */ = {
			isa = XCConfigurationList;
			buildConfigurations = (
				8173C65B2AF1F41A0031CC33 /* Debug */,
				8173C65C2AF1F41A0031CC33 /* Release */,
			);
			defaultConfigurationIsVisible = 0;
			defaultConfigurationName = Release;
		};
		8173C65D2AF1F41A0031CC33 /* Build configuration list for PBXNativeTarget "TCC" */ = {
			isa = XCConfigurationList;
			buildConfigurations = (
				8173C65E2AF1F41A0031CC33 /* Debug */,
				8173C65F2AF1F41A0031CC33 /* Release */,
			);
			defaultConfigurationIsVisible = 0;
			defaultConfigurationName = Release;
		};
/* End XCConfigurationList section */
	};
	rootObject = 8173C6412AF1F4180031CC33 /* Project object */;
}
